
Microsoft Visual Studio Solution File, Format Version 12.00
# Visual Studio Version 16
VisualStudioVersion = 16.0.30804.86
MinimumVisualStudioVersion = 10.0.40219.1
Project("{FAE04EC0-301F-11D3-BF4B-00C04F79EFBC}") = "TruthTableGenerator", "TruthTableGenerator\TruthTableGenerator.csproj", "{B81F7FAB-D6F4-4AC9-8F05-7AF7291A7CAC}"
EndProject
Global
	GlobalSection(SolutionConfigurationPlatforms) = preSolution
		Debug|Any CPU = Debug|Any CPU
		Release|Any CPU = Release|Any CPU
	EndGlobalSection
	GlobalSection(ProjectConfigurationPlatforms) = postSolution
		{B81F7FAB-D6F4-4AC9-8F05-7AF7291A7CAC}.Debug|Any CPU.ActiveCfg = Debug|Any CPU
		{B81F7FAB-D6F4-4AC9-8F05-7AF7291A7CAC}.Debug|Any CPU.Build.0 = Debug|Any CPU
		{B81F7FAB-D6F4-4AC9-8F05-7AF7291A7CAC}.Release|Any CPU.ActiveCfg = Release|Any CPU
		{B81F7FAB-D6F4-4AC9-8F05-7AF7291A7CAC}.Release|Any CPU.Build.0 = Release|Any CPU
	EndGlobalSection
	GlobalSection(SolutionProperties) = preSolution
		HideSolutionNode = FALSE
	EndGlobalSection
	GlobalSection(ExtensibilityGlobals) = postSolution
		SolutionGuid = {81123724-956F-4FA8-81F8-D22E147AFA02}
	EndGlobalSection
EndGlobal
